
Microsoft Visual Studio Solution File, Format Version 12.00
# Visual Studio Version 16
VisualStudioVersion = 16.0.30717.126
MinimumVisualStudioVersion = 10.0.40219.1
Project("{FAE04EC0-301F-11D3-BF4B-00C04F79EFBC}") = "QuizApp2", "QuizApp2\QuizApp2.csproj", "{9895E511-53E7-4D0B-A6A8-F2893CE449A5}"
EndProject
Global
	GlobalSection(SolutionConfigurationPlatforms) = preSolution
		Debug|Any CPU = Debug|Any CPU
		Release|Any CPU = Release|Any CPU
	EndGlobalSection
	GlobalSection(ProjectConfigurationPlatforms) = postSolution
		{9895E511-53E7-4D0B-A6A8-F2893CE449A5}.Debug|Any CPU.ActiveCfg = Debug|Any CPU
		{9895E511-53E7-4D0B-A6A8-F2893CE449A5}.Debug|Any CPU.Build.0 = Debug|Any CPU
		{9895E511-53E7-4D0B-A6A8-F2893CE449A5}.Release|Any CPU.ActiveCfg = Release|Any CPU
		{9895E511-53E7-4D0B-A6A8-F2893CE449A5}.Release|Any CPU.Build.0 = Release|Any CPU
	EndGlobalSection
	GlobalSection(SolutionProperties) = preSolution
		HideSolutionNode = FALSE
	EndGlobalSection
	GlobalSection(ExtensibilityGlobals) = postSolution
		SolutionGuid = {AC95105D-E61E-4016-A385-1CF4EAA5F83B}
	EndGlobalSection
EndGlobal
